<?xml version="1.0" encoding="utf-8"?>
<Project ToolsVersion="4.0" xmlns="http://schemas.microsoft.com/developer/msbuild/2003">
  <ItemGroup>
    <Filter Include="resources">
      <UniqueIdentifier>{67DA6AB6-F800-4c08-8B7A-83BB121AAD01}</UniqueIdentifier>
      <Extensions>rc;ico;cur;bmp;dlg;rc2;rct;bin;rgs;gif;jpg;jpeg;jpe;resx;tiff;tif;png;wav;mfcribbon-ms</Extensions>
    </Filter>
    <Filter Include="source">
      <UniqueIdentifier>{4FC737F1-C7A5-4376-A066-2A32D752A2FF}</UniqueIdentifier>
      <Extensions>cpp;c;cc;cxx;c++;def;odl;idl;hpj;bat;asm;asmx</Extensions>
    </Filter>
    <Filter Include="source\collision">
      <UniqueIdentifier>{b1c7942f-3278-406a-8274-561431f2c66a}</UniqueIdentifier>
    </Filter>
    <Filter Include="source\sound">
      <UniqueIdentifier>{a344d640-6427-4d93-b3c8-beb873f038f1}</UniqueIdentifier>
    </Filter>
    <Filter Include="source\manager">
      <UniqueIdentifier>{16dd4639-e9a7-454c-aee9-449083c30cc3}</UniqueIdentifier>
    </Filter>
    <Filter Include="source\object">
      <UniqueIdentifier>{1ee3f4db-0b84-4bdf-9440-d083ce0fb7fa}</UniqueIdentifier>
    </Filter>
    <Filter Include="source\ETC">
      <UniqueIdentifier>{50fa3403-f0dc-45f5-ad61-68b41bee08b5}</UniqueIdentifier>
    </Filter>
    <Filter Include="source\sound\fmod">
      <UniqueIdentifier>{78e178f5-1348-41a9-bed5-a9fd0e41675e}</UniqueIdentifier>
    </Filter>
    <Filter Include="source\Util">
      <UniqueIdentifier>{1c85b878-bf86-42f4-8ef6-582536a794f4}</UniqueIdentifier>
    </Filter>
    <Filter Include="source\Render">
      <UniqueIdentifier>{f1b4416a-3f32-4b5a-9a03-217268a6b200}</UniqueIdentifier>
    </Filter>
    <Filter Include="source\Render\Bitmap">
      <UniqueIdentifier>{7d7c9630-ec71-4e61-b5f1-c43bc0f9a6ac}</UniqueIdentifier>
    </Filter>
    <Filter Include="source\object\Actor">
      <UniqueIdentifier>{af3b52b2-4e67-4e73-ae5d-a7aae8239e55}</UniqueIdentifier>
    </Filter>
    <Filter Include="source\object\UI">
      <UniqueIdentifier>{2719909b-850f-47f5-bf55-70009ee07776}</UniqueIdentifier>
    </Filter>
    <Filter Include="source\Scene">
      <UniqueIdentifier>{f43921a7-02d1-4798-93d0-518ae4daf4ea}</UniqueIdentifier>
    </Filter>
    <Filter Include="source\Tile">
      <UniqueIdentifier>{99dc1fbd-8ef8-4bd7-80aa-084686737a76}</UniqueIdentifier>
    </Filter>
    <Filter Include="Effect">
      <UniqueIdentifier>{f2373270-ad6f-4ba2-98d4-d46b8f45e2fd}</UniqueIdentifier>
    </Filter>
  </ItemGroup>
  <ItemGroup>
    <ClInclude Include="framework.h">
      <Filter>source</Filter>
    </ClInclude>
    <ClInclude Include="pch.h">
      <Filter>source</Filter>
    </ClInclude>
    <ClInclude Include="Resource.h">
      <Filter>source</Filter>
    </ClInclude>
    <ClInclude Include="targetver.h">
      <Filter>source</Filter>
    </ClInclude>
    <ClInclude Include="WOL.h">
      <Filter>source</Filter>
    </ClInclude>
    <ClInclude Include="collision_mgr.h">
      <Filter>source\collision</Filter>
    </ClInclude>
    <ClInclude Include="collision_tag.h">
      <Filter>source\collision</Filter>
    </ClInclude>
    <ClInclude Include="collision_component.h">
      <Filter>source\collision</Filter>
    </ClInclude>
    <ClInclude Include="sound_mgr.h">
      <Filter>source\sound</Filter>
    </ClInclude>
    <ClInclude Include="game.h">
      <Filter>source\manager</Filter>
    </ClInclude>
    <ClInclude Include="object_mgr.h">
      <Filter>source\manager</Filter>
    </ClInclude>
    <ClInclude Include="object.h">
      <Filter>source\object</Filter>
    </ClInclude>
    <ClInclude Include="singleton_interface.h">
      <Filter>source\manager</Filter>
    </ClInclude>
    <ClInclude Include="layer_type.h">
      <Filter>source\ETC</Filter>
    </ClInclude>
    <ClInclude Include="math.h">
      <Filter>source\ETC</Filter>
    </ClInclude>
    <ClInclude Include="transform.h">
      <Filter>source\ETC</Filter>
    </ClInclude>
    <ClInclude Include="timer.h" />
    <ClInclude Include="Mouse.h" />
    <ClInclude Include="Camera.h" />
    <ClInclude Include="shield.h" />
    <ClInclude Include="Input_mgr.h">
      <Filter>source\Util</Filter>
    </ClInclude>
    <ClInclude Include="event.h" />
    <ClInclude Include="Bmp_mgr.h" />
    <ClInclude Include="Bmp.h" />
    <ClInclude Include="render_component.h" />
    <ClInclude Include="MY_RECT.h" />
    <ClInclude Include="Debuger.h" />
    <ClInclude Include="UI.h">
      <Filter>source\object\UI</Filter>
    </ClInclude>
    <ClInclude Include="actor.h">
      <Filter>source\object\Actor</Filter>
    </ClInclude>
    <ClInclude Include="Monster.h">
      <Filter>source\object\Actor</Filter>
    </ClInclude>
    <ClInclude Include="player.h">
      <Filter>source\object\Actor</Filter>
    </ClInclude>
    <ClInclude Include="UISkillBar.h">
      <Filter>source\object\UI</Filter>
    </ClInclude>
    <ClInclude Include="Color.h" />
    <ClInclude Include="UIGold.h">
      <Filter>source\object\UI</Filter>
    </ClInclude>
    <ClInclude Include="UI_PlayerBar.h">
      <Filter>source\object\UI</Filter>
    </ClInclude>
    <ClInclude Include="player_info.h" />
    <ClInclude Include="Font.h" />
    <ClInclude Include="UIBar.h">
      <Filter>source\object\UI</Filter>
    </ClInclude>
    <ClInclude Include="UIHPBar.h">
      <Filter>source\object\UI</Filter>
    </ClInclude>
    <ClInclude Include="UIMpBar.h">
      <Filter>source\object\UI</Filter>
    </ClInclude>
    <ClInclude Include="UIInfo.h" />
    <ClInclude Include="UISkillIBarIcon.h" />
    <ClInclude Include="ESkillBarIcon.h" />
    <ClInclude Include="ESceneID.h" />
    <ClInclude Include="Scene.h">
      <Filter>source\Scene</Filter>
    </ClInclude>
    <ClInclude Include="Scene_Boss.h">
      <Filter>source\Scene</Filter>
    </ClInclude>
    <ClInclude Include="Scene_mgr.h">
      <Filter>source\Scene</Filter>
    </ClInclude>
    <ClInclude Include="Scene_Stage.h">
      <Filter>source\Scene</Filter>
    </ClInclude>
    <ClInclude Include="Scene_Start.h">
      <Filter>source\Scene</Filter>
    </ClInclude>
    <ClInclude Include="Scene_End.h">
      <Filter>source\Scene</Filter>
    </ClInclude>
    <ClInclude Include="UIStart.h">
      <Filter>source\object\UI</Filter>
    </ClInclude>
    <ClInclude Include="UIInteraction.h" />
    <ClInclude Include="Anim.h" />
    <ClInclude Include="SwordMan.h" />
    <ClInclude Include="EnemyInfo.h" />
    <ClInclude Include="WIZARD.h" />
    <ClInclude Include="ARCHER.h" />
    <ClInclude Include="MIDDLE_BOSS.h" />
    <ClInclude Include="BOSS.h" />
    <ClInclude Include="Tile_mgr.h">
      <Filter>source\Tile</Filter>
    </ClInclude>
    <ClInclude Include="Tile.h">
      <Filter>source\Tile</Filter>
    </ClInclude>
    <ClInclude Include="Scene_Edit.h">
      <Filter>source\Scene</Filter>
    </ClInclude>
    <ClInclude Include="helper.h" />
    <ClInclude Include="Shadow.h" />
    <ClInclude Include="ICE_Blast.h">
      <Filter>source\object\Actor</Filter>
    </ClInclude>
    <ClInclude Include="ICE_Crystal.h">
      <Filter>source\object\Actor</Filter>
    </ClInclude>
    <ClInclude Include="Effect.h" />
    <ClInclude Include="Money.h">
      <Filter>Effect</Filter>
    </ClInclude>
    <ClInclude Include="GoldEffect.h" />
    <ClInclude Include="FireDragon.h">
      <Filter>source\object\Actor</Filter>
    </ClInclude>
    <ClInclude Include="EffectPlayerAttack.h" />
    <ClInclude Include="SwordManAttack.h" />
    <ClInclude Include="Boomerang.h" />
    <ClInclude Include="ArcherBow.h" />
    <ClInclude Include="ArcherArrow.h" />
    <ClInclude Include="RotationBoomerang.h" />
    <ClInclude Include="objectUniqueID.h" />
    <ClInclude Include="WizardFire.h" />
    <ClInclude Include="ScrewBoomerang.h" />
    <ClInclude Include="WizardBall.h" />
    <ClInclude Include="UIBossHPBar.h" />
    <ClInclude Include="BossInfo.h" />
    <ClInclude Include="UIBossName.h" />
    <ClInclude Include="BossCrystal.h" />
    <ClInclude Include="HomingBlast.h" />
    <ClInclude Include="BOSS_BOX.h" />
    <ClInclude Include="BOSS_SKILL.h" />
    <ClInclude Include="BOTTOM_HOLE.h" />
    <ClInclude Include="SOIL.h" />
    <ClInclude Include="BOSS_ROTBOX.h" />
    <ClInclude Include="fmod.h" />
    <ClInclude Include="fmod.hpp" />
    <ClInclude Include="fmod_codec.h" />
    <ClInclude Include="fmod_common.h" />
    <ClInclude Include="fmod_dsp.h" />
    <ClInclude Include="fmod_dsp_effects.h" />
    <ClInclude Include="fmod_errors.h" />
    <ClInclude Include="fmod_output.h" />
    <ClInclude Include="FMOD32\fmod.h" />
    <ClInclude Include="FMOD32\fmod.hpp" />
    <ClInclude Include="FMOD32\fmod_codec.h" />
    <ClInclude Include="FMOD32\fmod_common.h" />
    <ClInclude Include="FMOD32\fmod_dsp.h" />
    <ClInclude Include="FMOD32\fmod_dsp_effects.h" />
    <ClInclude Include="FMOD32\fmod_errors.h" />
    <ClInclude Include="FMOD32\fmod_output.h" />
    <ClInclude Include="Trigger.h" />
    <ClInclude Include="Prison.h" />
  </ItemGroup>
  <ItemGroup>
    <ClCompile Include="WOL.cpp">
      <Filter>source</Filter>
    </ClCompile>
    <ClCompile Include="pch.cpp">
      <Filter>source</Filter>
    </ClCompile>
    <ClCompile Include="collision_component.cpp">
      <Filter>source\collision</Filter>
    </ClCompile>
    <ClCompile Include="collision_mgr.cpp">
      <Filter>source\collision</Filter>
    </ClCompile>
    <ClCompile Include="sound_mgr.cpp">
      <Filter>source\sound</Filter>
    </ClCompile>
    <ClCompile Include="game.cpp">
      <Filter>source\manager</Filter>
    </ClCompile>
    <ClCompile Include="object_mgr.cpp">
      <Filter>source\manager</Filter>
    </ClCompile>
    <ClCompile Include="object.cpp">
      <Filter>source\object</Filter>
    </ClCompile>
    <ClCompile Include="singleton_interface.cpp">
      <Filter>source\manager</Filter>
    </ClCompile>
    <ClCompile Include="layer_type.cpp">
      <Filter>source\ETC</Filter>
    </ClCompile>
    <ClCompile Include="math.cpp">
      <Filter>source\ETC</Filter>
    </ClCompile>
    <ClCompile Include="transform.cpp">
      <Filter>source\ETC</Filter>
    </ClCompile>
    <ClCompile Include="timer.cpp">
      <Filter>source\Util</Filter>
    </ClCompile>
    <ClCompile Include="Input_mgr.cpp">
      <Filter>source\Util</Filter>
    </ClCompile>
    <ClCompile Include="UI.cpp">
      <Filter>source\object\UI</Filter>
    </ClCompile>
    <ClCompile Include="MY_RECT.cpp">
      <Filter>source\Util</Filter>
    </ClCompile>
    <ClCompile Include="Bmp_mgr.cpp">
      <Filter>source\Render\Bitmap</Filter>
    </ClCompile>
    <ClCompile Include="Bmp.cpp">
      <Filter>source\Render\Bitmap</Filter>
    </ClCompile>
    <ClCompile Include="Mouse.cpp">
      <Filter>source\object\UI</Filter>
    </ClCompile>
    <ClCompile Include="Camera.cpp">
      <Filter>source\Util</Filter>
    </ClCompile>
    <ClCompile Include="Debuger.cpp">
      <Filter>source\Util</Filter>
    </ClCompile>
    <ClCompile Include="render_component.cpp">
      <Filter>source\Render</Filter>
    </ClCompile>
    <ClCompile Include="actor.cpp">
      <Filter>source\object\Actor</Filter>
    </ClCompile>
    <ClCompile Include="Monster.cpp">
      <Filter>source\object\Actor</Filter>
    </ClCompile>
    <ClCompile Include="player.cpp">
      <Filter>source\object\Actor</Filter>
    </ClCompile>
    <ClCompile Include="shield.cpp">
      <Filter>source\object\Actor</Filter>
    </ClCompile>
    <ClCompile Include="Color.cpp">
      <Filter>source</Filter>
    </ClCompile>
    <ClCompile Include="Font.cpp">
      <Filter>source</Filter>
    </ClCompile>
    <ClCompile Include="UI_PlayerBar.cpp">
      <Filter>source\object\UI</Filter>
    </ClCompile>
    <ClCompile Include="UISkillBar.cpp">
      <Filter>source\object\UI</Filter>
    </ClCompile>
    <ClCompile Include="UIMpBar.cpp">
      <Filter>source\object\UI</Filter>
    </ClCompile>
    <ClCompile Include="UIHPBar.cpp">
      <Filter>source\object\UI</Filter>
    </ClCompile>
    <ClCompile Include="UIGold.cpp">
      <Filter>source\object\UI</Filter>
    </ClCompile>
    <ClCompile Include="UIBar.cpp">
      <Filter>source\object\UI</Filter>
    </ClCompile>
    <ClCompile Include="UIInfo.cpp">
      <Filter>source</Filter>
    </ClCompile>
    <ClCompile Include="UISkillIBarIcon.cpp">
      <Filter>source</Filter>
    </ClCompile>
    <ClCompile Include="Scene.cpp">
      <Filter>source\Scene</Filter>
    </ClCompile>
    <ClCompile Include="Scene_Boss.cpp">
      <Filter>source\Scene</Filter>
    </ClCompile>
    <ClCompile Include="Scene_mgr.cpp">
      <Filter>source\Scene</Filter>
    </ClCompile>
    <ClCompile Include="Scene_Stage.cpp">
      <Filter>source\Scene</Filter>
    </ClCompile>
    <ClCompile Include="Scene_Start.cpp">
      <Filter>source\Scene</Filter>
    </ClCompile>
    <ClCompile Include="Scene_End.cpp">
      <Filter>source\Scene</Filter>
    </ClCompile>
    <ClCompile Include="UIStart.cpp">
      <Filter>source</Filter>
    </ClCompile>
    <ClCompile Include="UIInteraction.cpp">
      <Filter>source</Filter>
    </ClCompile>
    <ClCompile Include="Anim.cpp">
      <Filter>source</Filter>
    </ClCompile>
    <ClCompile Include="SwordMan.cpp">
      <Filter>source</Filter>
    </ClCompile>
    <ClCompile Include="WIZARD.cpp">
      <Filter>source</Filter>
    </ClCompile>
    <ClCompile Include="ARCHER.cpp">
      <Filter>source</Filter>
    </ClCompile>
    <ClCompile Include="MIDDLE_BOSS.cpp">
      <Filter>source</Filter>
    </ClCompile>
    <ClCompile Include="BOSS.cpp">
      <Filter>source</Filter>
    </ClCompile>
    <ClCompile Include="Tile_mgr.cpp">
      <Filter>source</Filter>
    </ClCompile>
    <ClCompile Include="Tile.cpp">
      <Filter>source</Filter>
    </ClCompile>
    <ClCompile Include="Scene_Edit.cpp">
      <Filter>source</Filter>
    </ClCompile>
    <ClCompile Include="helper.cpp">
      <Filter>source</Filter>
    </ClCompile>
    <ClCompile Include="Shadow.cpp">
      <Filter>source</Filter>
    </ClCompile>
    <ClCompile Include="ICE_Blast.cpp">
      <Filter>source\object\Actor</Filter>
    </ClCompile>
    <ClCompile Include="ICE_Crystal.cpp">
      <Filter>source</Filter>
    </ClCompile>
    <ClCompile Include="Effect.cpp">
      <Filter>source</Filter>
    </ClCompile>
    <ClCompile Include="Money.cpp">
      <Filter>source</Filter>
    </ClCompile>
    <ClCompile Include="GoldEffect.cpp">
      <Filter>source</Filter>
    </ClCompile>
    <ClCompile Include="FireDragon.cpp">
      <Filter>source</Filter>
    </ClCompile>
    <ClCompile Include="EffectPlayerAttack.cpp">
      <Filter>source</Filter>
    </ClCompile>
    <ClCompile Include="player_info.cpp">
      <Filter>source</Filter>
    </ClCompile>
    <ClCompile Include="SwordManAttack.cpp">
      <Filter>source</Filter>
    </ClCompile>
    <ClCompile Include="Boomerang.cpp">
      <Filter>source</Filter>
    </ClCompile>
    <ClCompile Include="ArcherBow.cpp">
      <Filter>source</Filter>
    </ClCompile>
    <ClCompile Include="ArcherArrow.cpp">
      <Filter>source</Filter>
    </ClCompile>
    <ClCompile Include="RotationBoomerang.cpp">
      <Filter>source</Filter>
    </ClCompile>
    <ClCompile Include="WizardFire.cpp">
      <Filter>source</Filter>
    </ClCompile>
    <ClCompile Include="ScrewBoomerang.cpp">
      <Filter>source</Filter>
    </ClCompile>
    <ClCompile Include="WizardBall.cpp">
      <Filter>source</Filter>
    </ClCompile>
    <ClCompile Include="UIBossHPBar.cpp">
      <Filter>source</Filter>
    </ClCompile>
    <ClCompile Include="BossInfo.cpp">
      <Filter>source</Filter>
    </ClCompile>
    <ClCompile Include="UIBossName.cpp">
      <Filter>source</Filter>
    </ClCompile>
    <ClCompile Include="BossCrystal.cpp">
      <Filter>source</Filter>
    </ClCompile>
    <ClCompile Include="HomingBlast.cpp">
      <Filter>source</Filter>
    </ClCompile>
    <ClCompile Include="BOSS_BOX.cpp">
      <Filter>source</Filter>
    </ClCompile>
    <ClCompile Include="BOSS_SKILL.cpp">
      <Filter>source</Filter>
    </ClCompile>
    <ClCompile Include="BOTTOM_HOLE.cpp">
      <Filter>source</Filter>
    </ClCompile>
    <ClCompile Include="SOIL.cpp">
      <Filter>source</Filter>
    </ClCompile>
    <ClCompile Include="BOSS_ROTBOX.cpp">
      <Filter>source</Filter>
    </ClCompile>
    <ClCompile Include="Trigger.cpp">
      <Filter>source</Filter>
    </ClCompile>
    <ClCompile Include="Prison.cpp">
      <Filter>source</Filter>
    </ClCompile>
  </ItemGroup>
  <ItemGroup>
    <ResourceCompile Include="WOL.rc">
      <Filter>resources</Filter>
    </ResourceCompile>
  </ItemGroup>
  <ItemGroup>
    <Image Include="small.ico">
      <Filter>resources</Filter>
    </Image>
    <Image Include="WOL.ico">
      <Filter>resources</Filter>
    </Image>
  </ItemGroup>
  <ItemGroup>
    <Library Include="FMOD32\libfmod.a" />
    <Library Include="FMOD32\libfmodL.a" />
    <Library Include="fmod_vc.lib" />
    <Library Include="fmodL_vc.lib" />
    <Library Include="libfmod.a" />
    <Library Include="libfmodL.a" />
    <Library Include="FMOD32\fmod_vc.lib" />
    <Library Include="FMOD32\fmodL_vc.lib" />
  </ItemGroup>
  <ItemGroup>
    <None Include="fmod.cs" />
    <None Include="fmod.dll" />
    <None Include="fmod_dsp.cs" />
    <None Include="fmod_errors.cs" />
    <None Include="fmodL.dll" />
    <None Include="FMOD32\fmod.cs" />
    <None Include="FMOD32\fmod.dll" />
    <None Include="FMOD32\fmod_dsp.cs" />
    <None Include="FMOD32\fmod_errors.cs" />
    <None Include="FMOD32\fmodL.dll" />
  </ItemGroup>
</Project>